
Microsoft Visual Studio Solution File, Format Version 12.00
# Visual Studio Version 16
VisualStudioVersion = 16.0.31829.152
MinimumVisualStudioVersion = 10.0.40219.1
Project("{FAE04EC0-301F-11D3-BF4B-00C04F79EFBC}") = "Multiply", "Multiply\Multiply.csproj", "{31ED209D-2ED1-4F48-BC3F-745B8F1C68FD}"
EndProject
Global
	GlobalSection(SolutionConfigurationPlatforms) = preSolution
		Debug|Any CPU = Debug|Any CPU
		Release|Any CPU = Release|Any CPU
	EndGlobalSection
	GlobalSection(ProjectConfigurationPlatforms) = postSolution
		{31ED209D-2ED1-4F48-BC3F-745B8F1C68FD}.Debug|Any CPU.ActiveCfg = Debug|Any CPU
		{31ED209D-2ED1-4F48-BC3F-745B8F1C68FD}.Debug|Any CPU.Build.0 = Debug|Any CPU
		{31ED209D-2ED1-4F48-BC3F-745B8F1C68FD}.Release|Any CPU.ActiveCfg = Release|Any CPU
		{31ED209D-2ED1-4F48-BC3F-745B8F1C68FD}.Release|Any CPU.Build.0 = Release|Any CPU
	EndGlobalSection
	GlobalSection(SolutionProperties) = preSolution
		HideSolutionNode = FALSE
	EndGlobalSection
	GlobalSection(ExtensibilityGlobals) = postSolution
		SolutionGuid = {B7617949-2EE9-4DA2-B711-5A28CB8AE437}
	EndGlobalSection
EndGlobal
