
Microsoft Visual Studio Solution File, Format Version 12.00
# Visual Studio Version 16
VisualStudioVersion = 16.0.31829.152
MinimumVisualStudioVersion = 10.0.40219.1
Project("{FAE04EC0-301F-11D3-BF4B-00C04F79EFBC}") = "6kyu", "6kyu\6kyu.csproj", "{24D2E3C1-716B-4A94-9C1A-8123617B6F67}"
EndProject
Global
	GlobalSection(SolutionConfigurationPlatforms) = preSolution
		Debug|Any CPU = Debug|Any CPU
		Release|Any CPU = Release|Any CPU
	EndGlobalSection
	GlobalSection(ProjectConfigurationPlatforms) = postSolution
		{24D2E3C1-716B-4A94-9C1A-8123617B6F67}.Debug|Any CPU.ActiveCfg = Debug|Any CPU
		{24D2E3C1-716B-4A94-9C1A-8123617B6F67}.Debug|Any CPU.Build.0 = Debug|Any CPU
		{24D2E3C1-716B-4A94-9C1A-8123617B6F67}.Release|Any CPU.ActiveCfg = Release|Any CPU
		{24D2E3C1-716B-4A94-9C1A-8123617B6F67}.Release|Any CPU.Build.0 = Release|Any CPU
	EndGlobalSection
	GlobalSection(SolutionProperties) = preSolution
		HideSolutionNode = FALSE
	EndGlobalSection
	GlobalSection(ExtensibilityGlobals) = postSolution
		SolutionGuid = {E0554B2A-E330-4CEF-9D06-73EE69C7CA0F}
	EndGlobalSection
EndGlobal
